
Microsoft Visual Studio Solution File, Format Version 12.00
# Visual Studio Version 17
VisualStudioVersion = 17.1.32414.318
MinimumVisualStudioVersion = 10.0.40219.1
Project("{FAE04EC0-301F-11D3-BF4B-00C04F79EFBC}") = "Toys", "KropkaNet\Toys.csproj", "{AF9CCDCB-519C-4628-B01E-986EB3326712}"
EndProject
Project("{FAE04EC0-301F-11D3-BF4B-00C04F79EFBC}") = "MyVector", "MyVector\MyVector.csproj", "{7E37D2B5-E98A-43C6-BB81-2BFF9699F2A0}"
EndProject
Project("{9A19103F-16F7-4668-BE54-9A1E7A4F7556}") = "MyVectorEvents", "MyVectorEvents\MyVectorEvents.csproj", "{4A0A1156-255E-4866-812D-48619DCA65A5}"
EndProject
Project("{FAE04EC0-301F-11D3-BF4B-00C04F79EFBC}") = "MyVectorThread", "MyVectorThread\MyVectorThread.csproj", "{CD61935A-A0B3-4B20-BE33-9F4C75053A0F}"
EndProject
Global
	GlobalSection(SolutionConfigurationPlatforms) = preSolution
		Debug|Any CPU = Debug|Any CPU
		Release|Any CPU = Release|Any CPU
	EndGlobalSection
	GlobalSection(ProjectConfigurationPlatforms) = postSolution
		{AF9CCDCB-519C-4628-B01E-986EB3326712}.Debug|Any CPU.ActiveCfg = Debug|Any CPU
		{AF9CCDCB-519C-4628-B01E-986EB3326712}.Debug|Any CPU.Build.0 = Debug|Any CPU
		{AF9CCDCB-519C-4628-B01E-986EB3326712}.Release|Any CPU.ActiveCfg = Release|Any CPU
		{AF9CCDCB-519C-4628-B01E-986EB3326712}.Release|Any CPU.Build.0 = Release|Any CPU
		{7E37D2B5-E98A-43C6-BB81-2BFF9699F2A0}.Debug|Any CPU.ActiveCfg = Debug|Any CPU
		{7E37D2B5-E98A-43C6-BB81-2BFF9699F2A0}.Debug|Any CPU.Build.0 = Debug|Any CPU
		{7E37D2B5-E98A-43C6-BB81-2BFF9699F2A0}.Release|Any CPU.ActiveCfg = Release|Any CPU
		{7E37D2B5-E98A-43C6-BB81-2BFF9699F2A0}.Release|Any CPU.Build.0 = Release|Any CPU
		{4A0A1156-255E-4866-812D-48619DCA65A5}.Debug|Any CPU.ActiveCfg = Debug|Any CPU
		{4A0A1156-255E-4866-812D-48619DCA65A5}.Debug|Any CPU.Build.0 = Debug|Any CPU
		{4A0A1156-255E-4866-812D-48619DCA65A5}.Release|Any CPU.ActiveCfg = Release|Any CPU
		{4A0A1156-255E-4866-812D-48619DCA65A5}.Release|Any CPU.Build.0 = Release|Any CPU
		{CD61935A-A0B3-4B20-BE33-9F4C75053A0F}.Debug|Any CPU.ActiveCfg = Debug|Any CPU
		{CD61935A-A0B3-4B20-BE33-9F4C75053A0F}.Debug|Any CPU.Build.0 = Debug|Any CPU
		{CD61935A-A0B3-4B20-BE33-9F4C75053A0F}.Release|Any CPU.ActiveCfg = Release|Any CPU
		{CD61935A-A0B3-4B20-BE33-9F4C75053A0F}.Release|Any CPU.Build.0 = Release|Any CPU
	EndGlobalSection
	GlobalSection(SolutionProperties) = preSolution
		HideSolutionNode = FALSE
	EndGlobalSection
	GlobalSection(ExtensibilityGlobals) = postSolution
		SolutionGuid = {748AEE41-F92B-4328-86DB-297E9F2FBDE0}
	EndGlobalSection
EndGlobal
